
Microsoft Visual Studio Solution File, Format Version 12.00
# Visual Studio Version 17
VisualStudioVersion = 17.5.002.0
MinimumVisualStudioVersion = 10.0.40219.1
Project("{9A19103F-16F7-4668-BE54-9A1E7A4F7556}") = "01_Hello_World", "01_Hello_World\01_Hello_World.csproj", "{B707091F-AC09-4478-B9E9-83A2B6B56D4A}"
EndProject
Project("{9A19103F-16F7-4668-BE54-9A1E7A4F7556}") = "02_Introducao", "02_Introducao\02_Introducao.csproj", "{5524B910-B0CD-48B7-B8C5-8E1F7CB356FC}"
EndProject
Project("{9A19103F-16F7-4668-BE54-9A1E7A4F7556}") = "03_Operacoes", "03_Operacoes\03_Operacoes.csproj", "{397A8A50-68A6-4B0F-A180-52CAD3607C7C}"
EndProject
Project("{9A19103F-16F7-4668-BE54-9A1E7A4F7556}") = "04_Funcao_While", "04_Funcao_While\04_Funcao_While.csproj", "{5EE0A295-73D4-4D84-A93C-6E92F7C14F24}"
EndProject
Project("{9A19103F-16F7-4668-BE54-9A1E7A4F7556}") = "05_For_Array", "05_For_Array\05_For_Array.csproj", "{1F314A09-2D97-40DA-BD1B-BA63489DE8EF}"
EndProject
Project("{9A19103F-16F7-4668-BE54-9A1E7A4F7556}") = "06_Sistema_Passagens", "06_Sistema_Passagens\06_Sistema_Passagens.csproj", "{13C1322B-5235-4EF7-BD19-3E0AFF46F209}"
EndProject
Project("{9A19103F-16F7-4668-BE54-9A1E7A4F7556}") = "07_Classes_Objetos", "07_Classes_Objetos\07_Classes_Objetos.csproj", "{E840893E-B438-4A82-B1EE-36DB490FF54C}"
EndProject
Project("{9A19103F-16F7-4668-BE54-9A1E7A4F7556}") = "08_Herança_Polimorfismo", "08_Herança_Polimorfismo\08_Herança_Polimorfismo.csproj", "{93BAB98B-BF32-4A9C-B2BB-FDF2496525F1}"
EndProject
Project("{9A19103F-16F7-4668-BE54-9A1E7A4F7556}") = "09_Polimorfismo", "09_Polimorfismo\09_Polimorfismo.csproj", "{C6E30FDB-3EAD-4A41-BC62-AAE6BC868EFE}"
EndProject
Project("{9A19103F-16F7-4668-BE54-9A1E7A4F7556}") = "10_Metodos_Construtores", "10_Metodos_Construtores\10_Metodos_Construtores.csproj", "{F49CDAB7-5BB7-4244-AE2A-B9899C5C8B0E}"
EndProject
Project("{9A19103F-16F7-4668-BE54-9A1E7A4F7556}") = "11_Classes_Anonimas", "11_Classes_Anonimas\11_Classes_Anonimas.csproj", "{688871F1-B882-40D1-A350-34BA5324E1EC}"
EndProject
Project("{9A19103F-16F7-4668-BE54-9A1E7A4F7556}") = "09_Polimorfismo (1)", "12_Classes_Abstratas\09_Polimorfismo.csproj", "{E4E0A73D-3BBB-437E-AC3F-FC1084B5EE8E}"
EndProject
Project("{9A19103F-16F7-4668-BE54-9A1E7A4F7556}") = "13_try", "13_try\13_try.csproj", "{10064D16-7157-4F20-BAD1-2B79CB295588}"
EndProject
Project("{9A19103F-16F7-4668-BE54-9A1E7A4F7556}") = "14_Arquivos", "14_Arquivos\14_Arquivos.csproj", "{B9EAA64A-31FB-4CEE-8710-C78F44AA0EDC}"
EndProject
Project("{9A19103F-16F7-4668-BE54-9A1E7A4F7556}") = "15_Listas", "15_Listas\15_Listas.csproj", "{89982B21-8FB2-4837-A0C4-B56142D1DB44}"
EndProject
Project("{9A19103F-16F7-4668-BE54-9A1E7A4F7556}") = "16_ProjetoMvc", "16_ProjetoMvc\16_ProjetoMvc.csproj", "{45C35A7F-426F-4151-B3B9-419A6B13BAC8}"
EndProject
Project("{2150E333-8FDC-42A3-9474-1A3956D46DE8}") = "Execícios", "Execícios", "{ACE538C3-96A8-4F93-AF6C-F318E0614C89}"
EndProject
Project("{9A19103F-16F7-4668-BE54-9A1E7A4F7556}") = "ContaCorrente", "Execícios\ContaCorrente\ContaCorrente.csproj", "{1C862A36-6E72-418B-8651-C6BB860E2BCF}"
EndProject
Project("{9A19103F-16F7-4668-BE54-9A1E7A4F7556}") = "ex001", "Execícios\ex001\ex001.csproj", "{A07713FF-F210-4B74-9F76-A2BF3CB36D40}"
EndProject
Project("{9A19103F-16F7-4668-BE54-9A1E7A4F7556}") = "ex002", "Execícios\ex002\ex002.csproj", "{F6F08C8B-A823-48E3-A427-2306E420A701}"
EndProject
Project("{9A19103F-16F7-4668-BE54-9A1E7A4F7556}") = "ex003", "Execícios\ex003\ex003.csproj", "{C1E1ECD7-455E-4078-8B62-EF7B2434C09D}"
EndProject
Project("{9A19103F-16F7-4668-BE54-9A1E7A4F7556}") = "ex004", "Execícios\ex004\ex004.csproj", "{2024CEF6-7899-40AA-AAEB-D20285AEC355}"
EndProject
Project("{9A19103F-16F7-4668-BE54-9A1E7A4F7556}") = "ex005", "Execícios\ex005\ex005.csproj", "{514B736F-202A-4C2F-93C0-619D0098FFD6}"
EndProject
Global
	GlobalSection(SolutionConfigurationPlatforms) = preSolution
		Debug|Any CPU = Debug|Any CPU
		Release|Any CPU = Release|Any CPU
	EndGlobalSection
	GlobalSection(ProjectConfigurationPlatforms) = postSolution
		{B707091F-AC09-4478-B9E9-83A2B6B56D4A}.Debug|Any CPU.ActiveCfg = Debug|Any CPU
		{B707091F-AC09-4478-B9E9-83A2B6B56D4A}.Debug|Any CPU.Build.0 = Debug|Any CPU
		{B707091F-AC09-4478-B9E9-83A2B6B56D4A}.Release|Any CPU.ActiveCfg = Release|Any CPU
		{B707091F-AC09-4478-B9E9-83A2B6B56D4A}.Release|Any CPU.Build.0 = Release|Any CPU
		{5524B910-B0CD-48B7-B8C5-8E1F7CB356FC}.Debug|Any CPU.ActiveCfg = Debug|Any CPU
		{5524B910-B0CD-48B7-B8C5-8E1F7CB356FC}.Debug|Any CPU.Build.0 = Debug|Any CPU
		{5524B910-B0CD-48B7-B8C5-8E1F7CB356FC}.Release|Any CPU.ActiveCfg = Release|Any CPU
		{5524B910-B0CD-48B7-B8C5-8E1F7CB356FC}.Release|Any CPU.Build.0 = Release|Any CPU
		{397A8A50-68A6-4B0F-A180-52CAD3607C7C}.Debug|Any CPU.ActiveCfg = Debug|Any CPU
		{397A8A50-68A6-4B0F-A180-52CAD3607C7C}.Debug|Any CPU.Build.0 = Debug|Any CPU
		{397A8A50-68A6-4B0F-A180-52CAD3607C7C}.Release|Any CPU.ActiveCfg = Release|Any CPU
		{397A8A50-68A6-4B0F-A180-52CAD3607C7C}.Release|Any CPU.Build.0 = Release|Any CPU
		{5EE0A295-73D4-4D84-A93C-6E92F7C14F24}.Debug|Any CPU.ActiveCfg = Debug|Any CPU
		{5EE0A295-73D4-4D84-A93C-6E92F7C14F24}.Debug|Any CPU.Build.0 = Debug|Any CPU
		{5EE0A295-73D4-4D84-A93C-6E92F7C14F24}.Release|Any CPU.ActiveCfg = Release|Any CPU
		{5EE0A295-73D4-4D84-A93C-6E92F7C14F24}.Release|Any CPU.Build.0 = Release|Any CPU
		{1F314A09-2D97-40DA-BD1B-BA63489DE8EF}.Debug|Any CPU.ActiveCfg = Debug|Any CPU
		{1F314A09-2D97-40DA-BD1B-BA63489DE8EF}.Debug|Any CPU.Build.0 = Debug|Any CPU
		{1F314A09-2D97-40DA-BD1B-BA63489DE8EF}.Release|Any CPU.ActiveCfg = Release|Any CPU
		{1F314A09-2D97-40DA-BD1B-BA63489DE8EF}.Release|Any CPU.Build.0 = Release|Any CPU
		{13C1322B-5235-4EF7-BD19-3E0AFF46F209}.Debug|Any CPU.ActiveCfg = Debug|Any CPU
		{13C1322B-5235-4EF7-BD19-3E0AFF46F209}.Debug|Any CPU.Build.0 = Debug|Any CPU
		{13C1322B-5235-4EF7-BD19-3E0AFF46F209}.Release|Any CPU.ActiveCfg = Release|Any CPU
		{13C1322B-5235-4EF7-BD19-3E0AFF46F209}.Release|Any CPU.Build.0 = Release|Any CPU
		{E840893E-B438-4A82-B1EE-36DB490FF54C}.Debug|Any CPU.ActiveCfg = Debug|Any CPU
		{E840893E-B438-4A82-B1EE-36DB490FF54C}.Debug|Any CPU.Build.0 = Debug|Any CPU
		{E840893E-B438-4A82-B1EE-36DB490FF54C}.Release|Any CPU.ActiveCfg = Release|Any CPU
		{E840893E-B438-4A82-B1EE-36DB490FF54C}.Release|Any CPU.Build.0 = Release|Any CPU
		{93BAB98B-BF32-4A9C-B2BB-FDF2496525F1}.Debug|Any CPU.ActiveCfg = Debug|Any CPU
		{93BAB98B-BF32-4A9C-B2BB-FDF2496525F1}.Debug|Any CPU.Build.0 = Debug|Any CPU
		{93BAB98B-BF32-4A9C-B2BB-FDF2496525F1}.Release|Any CPU.ActiveCfg = Release|Any CPU
		{93BAB98B-BF32-4A9C-B2BB-FDF2496525F1}.Release|Any CPU.Build.0 = Release|Any CPU
		{C6E30FDB-3EAD-4A41-BC62-AAE6BC868EFE}.Debug|Any CPU.ActiveCfg = Debug|Any CPU
		{C6E30FDB-3EAD-4A41-BC62-AAE6BC868EFE}.Debug|Any CPU.Build.0 = Debug|Any CPU
		{C6E30FDB-3EAD-4A41-BC62-AAE6BC868EFE}.Release|Any CPU.ActiveCfg = Release|Any CPU
		{C6E30FDB-3EAD-4A41-BC62-AAE6BC868EFE}.Release|Any CPU.Build.0 = Release|Any CPU
		{F49CDAB7-5BB7-4244-AE2A-B9899C5C8B0E}.Debug|Any CPU.ActiveCfg = Debug|Any CPU
		{F49CDAB7-5BB7-4244-AE2A-B9899C5C8B0E}.Debug|Any CPU.Build.0 = Debug|Any CPU
		{F49CDAB7-5BB7-4244-AE2A-B9899C5C8B0E}.Release|Any CPU.ActiveCfg = Release|Any CPU
		{F49CDAB7-5BB7-4244-AE2A-B9899C5C8B0E}.Release|Any CPU.Build.0 = Release|Any CPU
		{688871F1-B882-40D1-A350-34BA5324E1EC}.Debug|Any CPU.ActiveCfg = Debug|Any CPU
		{688871F1-B882-40D1-A350-34BA5324E1EC}.Debug|Any CPU.Build.0 = Debug|Any CPU
		{688871F1-B882-40D1-A350-34BA5324E1EC}.Release|Any CPU.ActiveCfg = Release|Any CPU
		{688871F1-B882-40D1-A350-34BA5324E1EC}.Release|Any CPU.Build.0 = Release|Any CPU
		{E4E0A73D-3BBB-437E-AC3F-FC1084B5EE8E}.Debug|Any CPU.ActiveCfg = Debug|Any CPU
		{E4E0A73D-3BBB-437E-AC3F-FC1084B5EE8E}.Debug|Any CPU.Build.0 = Debug|Any CPU
		{E4E0A73D-3BBB-437E-AC3F-FC1084B5EE8E}.Release|Any CPU.ActiveCfg = Release|Any CPU
		{E4E0A73D-3BBB-437E-AC3F-FC1084B5EE8E}.Release|Any CPU.Build.0 = Release|Any CPU
		{10064D16-7157-4F20-BAD1-2B79CB295588}.Debug|Any CPU.ActiveCfg = Debug|Any CPU
		{10064D16-7157-4F20-BAD1-2B79CB295588}.Debug|Any CPU.Build.0 = Debug|Any CPU
		{10064D16-7157-4F20-BAD1-2B79CB295588}.Release|Any CPU.ActiveCfg = Release|Any CPU
		{10064D16-7157-4F20-BAD1-2B79CB295588}.Release|Any CPU.Build.0 = Release|Any CPU
		{B9EAA64A-31FB-4CEE-8710-C78F44AA0EDC}.Debug|Any CPU.ActiveCfg = Debug|Any CPU
		{B9EAA64A-31FB-4CEE-8710-C78F44AA0EDC}.Debug|Any CPU.Build.0 = Debug|Any CPU
		{B9EAA64A-31FB-4CEE-8710-C78F44AA0EDC}.Release|Any CPU.ActiveCfg = Release|Any CPU
		{B9EAA64A-31FB-4CEE-8710-C78F44AA0EDC}.Release|Any CPU.Build.0 = Release|Any CPU
		{89982B21-8FB2-4837-A0C4-B56142D1DB44}.Debug|Any CPU.ActiveCfg = Debug|Any CPU
		{89982B21-8FB2-4837-A0C4-B56142D1DB44}.Debug|Any CPU.Build.0 = Debug|Any CPU
		{89982B21-8FB2-4837-A0C4-B56142D1DB44}.Release|Any CPU.ActiveCfg = Release|Any CPU
		{89982B21-8FB2-4837-A0C4-B56142D1DB44}.Release|Any CPU.Build.0 = Release|Any CPU
		{45C35A7F-426F-4151-B3B9-419A6B13BAC8}.Debug|Any CPU.ActiveCfg = Debug|Any CPU
		{45C35A7F-426F-4151-B3B9-419A6B13BAC8}.Debug|Any CPU.Build.0 = Debug|Any CPU
		{45C35A7F-426F-4151-B3B9-419A6B13BAC8}.Release|Any CPU.ActiveCfg = Release|Any CPU
		{45C35A7F-426F-4151-B3B9-419A6B13BAC8}.Release|Any CPU.Build.0 = Release|Any CPU
		{1C862A36-6E72-418B-8651-C6BB860E2BCF}.Debug|Any CPU.ActiveCfg = Debug|Any CPU
		{1C862A36-6E72-418B-8651-C6BB860E2BCF}.Debug|Any CPU.Build.0 = Debug|Any CPU
		{1C862A36-6E72-418B-8651-C6BB860E2BCF}.Release|Any CPU.ActiveCfg = Release|Any CPU
		{1C862A36-6E72-418B-8651-C6BB860E2BCF}.Release|Any CPU.Build.0 = Release|Any CPU
		{A07713FF-F210-4B74-9F76-A2BF3CB36D40}.Debug|Any CPU.ActiveCfg = Debug|Any CPU
		{A07713FF-F210-4B74-9F76-A2BF3CB36D40}.Debug|Any CPU.Build.0 = Debug|Any CPU
		{A07713FF-F210-4B74-9F76-A2BF3CB36D40}.Release|Any CPU.ActiveCfg = Release|Any CPU
		{A07713FF-F210-4B74-9F76-A2BF3CB36D40}.Release|Any CPU.Build.0 = Release|Any CPU
		{F6F08C8B-A823-48E3-A427-2306E420A701}.Debug|Any CPU.ActiveCfg = Debug|Any CPU
		{F6F08C8B-A823-48E3-A427-2306E420A701}.Debug|Any CPU.Build.0 = Debug|Any CPU
		{F6F08C8B-A823-48E3-A427-2306E420A701}.Release|Any CPU.ActiveCfg = Release|Any CPU
		{F6F08C8B-A823-48E3-A427-2306E420A701}.Release|Any CPU.Build.0 = Release|Any CPU
		{C1E1ECD7-455E-4078-8B62-EF7B2434C09D}.Debug|Any CPU.ActiveCfg = Debug|Any CPU
		{C1E1ECD7-455E-4078-8B62-EF7B2434C09D}.Debug|Any CPU.Build.0 = Debug|Any CPU
		{C1E1ECD7-455E-4078-8B62-EF7B2434C09D}.Release|Any CPU.ActiveCfg = Release|Any CPU
		{C1E1ECD7-455E-4078-8B62-EF7B2434C09D}.Release|Any CPU.Build.0 = Release|Any CPU
		{2024CEF6-7899-40AA-AAEB-D20285AEC355}.Debug|Any CPU.ActiveCfg = Debug|Any CPU
		{2024CEF6-7899-40AA-AAEB-D20285AEC355}.Debug|Any CPU.Build.0 = Debug|Any CPU
		{2024CEF6-7899-40AA-AAEB-D20285AEC355}.Release|Any CPU.ActiveCfg = Release|Any CPU
		{2024CEF6-7899-40AA-AAEB-D20285AEC355}.Release|Any CPU.Build.0 = Release|Any CPU
		{514B736F-202A-4C2F-93C0-619D0098FFD6}.Debug|Any CPU.ActiveCfg = Debug|Any CPU
		{514B736F-202A-4C2F-93C0-619D0098FFD6}.Debug|Any CPU.Build.0 = Debug|Any CPU
		{514B736F-202A-4C2F-93C0-619D0098FFD6}.Release|Any CPU.ActiveCfg = Release|Any CPU
		{514B736F-202A-4C2F-93C0-619D0098FFD6}.Release|Any CPU.Build.0 = Release|Any CPU
	EndGlobalSection
	GlobalSection(SolutionProperties) = preSolution
		HideSolutionNode = FALSE
	EndGlobalSection
	GlobalSection(NestedProjects) = preSolution
		{1C862A36-6E72-418B-8651-C6BB860E2BCF} = {ACE538C3-96A8-4F93-AF6C-F318E0614C89}
		{A07713FF-F210-4B74-9F76-A2BF3CB36D40} = {ACE538C3-96A8-4F93-AF6C-F318E0614C89}
		{F6F08C8B-A823-48E3-A427-2306E420A701} = {ACE538C3-96A8-4F93-AF6C-F318E0614C89}
		{C1E1ECD7-455E-4078-8B62-EF7B2434C09D} = {ACE538C3-96A8-4F93-AF6C-F318E0614C89}
		{2024CEF6-7899-40AA-AAEB-D20285AEC355} = {ACE538C3-96A8-4F93-AF6C-F318E0614C89}
		{514B736F-202A-4C2F-93C0-619D0098FFD6} = {ACE538C3-96A8-4F93-AF6C-F318E0614C89}
	EndGlobalSection
	GlobalSection(ExtensibilityGlobals) = postSolution
		SolutionGuid = {7E30CEF4-526F-4D56-AC2B-6A7A93193572}
	EndGlobalSection
EndGlobal
